
Microsoft Visual Studio Solution File, Format Version 12.00
# Visual Studio Version 17
VisualStudioVersion = 17.14.37614.0
MinimumVisualStudioVersion = 10.0.40219.1
Project("{FAE04EC0-301F-11D3-BF4B-00C04F79EFBC}") = "Registro de Empleados", "Registro de Empleados\Registro de Empleados.csproj", "{3A1FD219-3DF9-4F8A-9F18-D54F56542ADF}"
	ProjectSection(ProjectDependencies) = postProject
		{09726E1C-1610-4A43-96B2-3403340CC41F} = {09726E1C-1610-4A43-96B2-3403340CC41F}
		{C8F37B4D-3D1F-49E2-B28F-5C9BC5C520AA} = {C8F37B4D-3D1F-49E2-B28F-5C9BC5C520AA}
	EndProjectSection
EndProject
Project("{FAE04EC0-301F-11D3-BF4B-00C04F79EFBC}") = "Registro de Empleados_Modelos", "Registro de Empleados.Modelos\Registro de Empleados_Modelos.csproj", "{09726E1C-1610-4A43-96B2-3403340CC41F}"
EndProject
Project("{FAE04EC0-301F-11D3-BF4B-00C04F79EFBC}") = "Registro de Empleados_Servicios", "Registro de Empleados.Servicios\Registro de Empleados_Servicios.csproj", "{C8F37B4D-3D1F-49E2-B28F-5C9BC5C520AA}"
EndProject
Global
	GlobalSection(SolutionConfigurationPlatforms) = preSolution
		Debug|Any CPU = Debug|Any CPU
		Release|Any CPU = Release|Any CPU
	EndGlobalSection
	GlobalSection(ProjectConfigurationPlatforms) = postSolution
		{3A1FD219-3DF9-4F8A-9F18-D54F56542ADF}.Debug|Any CPU.ActiveCfg = Debug|Any CPU
		{3A1FD219-3DF9-4F8A-9F18-D54F56542ADF}.Debug|Any CPU.Build.0 = Debug|Any CPU
		{3A1FD219-3DF9-4F8A-9F18-D54F56542ADF}.Release|Any CPU.ActiveCfg = Release|Any CPU
		{3A1FD219-3DF9-4F8A-9F18-D54F56542ADF}.Release|Any CPU.Build.0 = Release|Any CPU
		{09726E1C-1610-4A43-96B2-3403340CC41F}.Debug|Any CPU.ActiveCfg = Debug|Any CPU
		{09726E1C-1610-4A43-96B2-3403340CC41F}.Debug|Any CPU.Build.0 = Debug|Any CPU
		{09726E1C-1610-4A43-96B2-3403340CC41F}.Release|Any CPU.ActiveCfg = Release|Any CPU
		{09726E1C-1610-4A43-96B2-3403340CC41F}.Release|Any CPU.Build.0 = Release|Any CPU
		{C8F37B4D-3D1F-49E2-B28F-5C9BC5C520AA}.Debug|Any CPU.ActiveCfg = Debug|Any CPU
		{C8F37B4D-3D1F-49E2-B28F-5C9BC5C520AA}.Debug|Any CPU.Build.0 = Debug|Any CPU
		{C8F37B4D-3D1F-49E2-B28F-5C9BC5C520AA}.Release|Any CPU.ActiveCfg = Release|Any CPU
		{C8F37B4D-3D1F-49E2-B28F-5C9BC5C520AA}.Release|Any CPU.Build.0 = Release|Any CPU
	EndGlobalSection
	GlobalSection(SolutionProperties) = preSolution
		HideSolutionNode = FALSE
	EndGlobalSection
	GlobalSection(ExtensibilityGlobals) = postSolution
		SolutionGuid = {A2E98093-4E5D-420E-AF57-AE1B4C86CC49}
	EndGlobalSection
EndGlobal
